
Microsoft Visual Studio Solution File, Format Version 12.00
# Visual Studio Version 16
VisualStudioVersion = 16.0.30611.23
MinimumVisualStudioVersion = 10.0.40219.1
Project("{9A19103F-16F7-4668-BE54-9A1E7A4F7556}") = "CompanyName.AppName.Domain", "CompanyName.AppName.Domain\CompanyName.AppName.Domain.csproj", "{3EAEC6C6-EF51-4ED5-8DB4-94232849A8D4}"
EndProject
Project("{9A19103F-16F7-4668-BE54-9A1E7A4F7556}") = "CompanyName.AppName.Data", "CompanyName.AppName.Data\CompanyName.AppName.Data.csproj", "{899FB6B5-BED1-4A27-86B6-9FD2A50424FF}"
EndProject
Project("{9A19103F-16F7-4668-BE54-9A1E7A4F7556}") = "CompanyName.AppName.Business", "CompanyName.AppName.Business\CompanyName.AppName.Business.csproj", "{13C75546-3171-4593-B4FA-3771AC5902D5}"
EndProject
Project("{9A19103F-16F7-4668-BE54-9A1E7A4F7556}") = "CompanyName.AppName.Web", "CompanyName.AppName.Web\CompanyName.AppName.Web.csproj", "{3AF6A811-4146-4120-AEE1-9C427B3CB44B}"
EndProject
Project("{FAE04EC0-301F-11D3-BF4B-00C04F79EFBC}") = "CompanyName.AppName.API", "CompanyName.AppName.API\CompanyName.AppName.API.csproj", "{0180F89A-6224-44C8-8E1F-5BFEC3729F91}"
EndProject
Project("{FAE04EC0-301F-11D3-BF4B-00C04F79EFBC}") = "Reusable.Data.Abstractions", "Reusable.Data.Abstractions\Reusable.Data.Abstractions.csproj", "{C5B61CCB-D29A-407B-87EF-8B2B2A89DF25}"
EndProject
Global
	GlobalSection(SolutionConfigurationPlatforms) = preSolution
		Debug|Any CPU = Debug|Any CPU
		Release|Any CPU = Release|Any CPU
	EndGlobalSection
	GlobalSection(ProjectConfigurationPlatforms) = postSolution
		{3EAEC6C6-EF51-4ED5-8DB4-94232849A8D4}.Debug|Any CPU.ActiveCfg = Debug|Any CPU
		{3EAEC6C6-EF51-4ED5-8DB4-94232849A8D4}.Debug|Any CPU.Build.0 = Debug|Any CPU
		{3EAEC6C6-EF51-4ED5-8DB4-94232849A8D4}.Release|Any CPU.ActiveCfg = Release|Any CPU
		{3EAEC6C6-EF51-4ED5-8DB4-94232849A8D4}.Release|Any CPU.Build.0 = Release|Any CPU
		{899FB6B5-BED1-4A27-86B6-9FD2A50424FF}.Debug|Any CPU.ActiveCfg = Debug|Any CPU
		{899FB6B5-BED1-4A27-86B6-9FD2A50424FF}.Debug|Any CPU.Build.0 = Debug|Any CPU
		{899FB6B5-BED1-4A27-86B6-9FD2A50424FF}.Release|Any CPU.ActiveCfg = Release|Any CPU
		{899FB6B5-BED1-4A27-86B6-9FD2A50424FF}.Release|Any CPU.Build.0 = Release|Any CPU
		{13C75546-3171-4593-B4FA-3771AC5902D5}.Debug|Any CPU.ActiveCfg = Debug|Any CPU
		{13C75546-3171-4593-B4FA-3771AC5902D5}.Debug|Any CPU.Build.0 = Debug|Any CPU
		{13C75546-3171-4593-B4FA-3771AC5902D5}.Release|Any CPU.ActiveCfg = Release|Any CPU
		{13C75546-3171-4593-B4FA-3771AC5902D5}.Release|Any CPU.Build.0 = Release|Any CPU
		{3AF6A811-4146-4120-AEE1-9C427B3CB44B}.Debug|Any CPU.ActiveCfg = Debug|Any CPU
		{3AF6A811-4146-4120-AEE1-9C427B3CB44B}.Debug|Any CPU.Build.0 = Debug|Any CPU
		{3AF6A811-4146-4120-AEE1-9C427B3CB44B}.Release|Any CPU.ActiveCfg = Release|Any CPU
		{3AF6A811-4146-4120-AEE1-9C427B3CB44B}.Release|Any CPU.Build.0 = Release|Any CPU
		{0180F89A-6224-44C8-8E1F-5BFEC3729F91}.Debug|Any CPU.ActiveCfg = Debug|Any CPU
		{0180F89A-6224-44C8-8E1F-5BFEC3729F91}.Debug|Any CPU.Build.0 = Debug|Any CPU
		{0180F89A-6224-44C8-8E1F-5BFEC3729F91}.Release|Any CPU.ActiveCfg = Release|Any CPU
		{0180F89A-6224-44C8-8E1F-5BFEC3729F91}.Release|Any CPU.Build.0 = Release|Any CPU
		{C5B61CCB-D29A-407B-87EF-8B2B2A89DF25}.Debug|Any CPU.ActiveCfg = Debug|Any CPU
		{C5B61CCB-D29A-407B-87EF-8B2B2A89DF25}.Debug|Any CPU.Build.0 = Debug|Any CPU
		{C5B61CCB-D29A-407B-87EF-8B2B2A89DF25}.Release|Any CPU.ActiveCfg = Release|Any CPU
		{C5B61CCB-D29A-407B-87EF-8B2B2A89DF25}.Release|Any CPU.Build.0 = Release|Any CPU
	EndGlobalSection
	GlobalSection(SolutionProperties) = preSolution
		HideSolutionNode = FALSE
	EndGlobalSection
	GlobalSection(ExtensibilityGlobals) = postSolution
		SolutionGuid = {6044D497-5824-4581-AB14-FC3CD7C7107C}
	EndGlobalSection
EndGlobal
