
Microsoft Visual Studio Solution File, Format Version 12.00
# Visual Studio Version 16
VisualStudioVersion = 16.0.30611.23
MinimumVisualStudioVersion = 10.0.40219.1
Project("{9A19103F-16F7-4668-BE54-9A1E7A4F7556}") = "ApplicationName.Domain", "CompanyName.AppName.Domain\ApplicationName.Domain.csproj", "{3EAEC6C6-EF51-4ED5-8DB4-94232849A8D4}"
EndProject
Project("{9A19103F-16F7-4668-BE54-9A1E7A4F7556}") = "ApplicationName.Data", "CompanyName.AppName.Data\ApplicationName.Data.csproj", "{899FB6B5-BED1-4A27-86B6-9FD2A50424FF}"
EndProject
Project("{9A19103F-16F7-4668-BE54-9A1E7A4F7556}") = "ApplicationName.Business", "CompanyName.AppName.Business\ApplicationName.Business.csproj", "{13C75546-3171-4593-B4FA-3771AC5902D5}"
EndProject
Project("{9A19103F-16F7-4668-BE54-9A1E7A4F7556}") = "ApplicationName.Web", "CompanyName.AppName.Web\ApplicationName.Web.csproj", "{3AF6A811-4146-4120-AEE1-9C427B3CB44B}"
EndProject
Project("{9A19103F-16F7-4668-BE54-9A1E7A4F7556}") = "ApplicationName.API", "CompanyName.AppName.API\ApplicationName.API.csproj", "{0180F89A-6224-44C8-8E1F-5BFEC3729F91}"
EndProject
Project("{9A19103F-16F7-4668-BE54-9A1E7A4F7556}") = "Reusable.Data.Abstractions", "Reusable.Data.Abstractions\Reusable.Data.Abstractions.csproj", "{C5B61CCB-D29A-407B-87EF-8B2B2A89DF25}"
EndProject
Project("{9A19103F-16F7-4668-BE54-9A1E7A4F7556}") = "Reusable.Data.Core", "Reusable.Data.Core\Reusable.Data.Core.csproj", "{BF9EFACB-00F3-4943-993A-49C4EC61C8E4}"
EndProject
Project("{9A19103F-16F7-4668-BE54-9A1E7A4F7556}") = "Reusable.Business.Core", "Reusable.Business.Core\Reusable.Business.Core.csproj", "{F9B35405-B315-43D9-BEE1-0A9997E83145}"
EndProject
Project("{9A19103F-16F7-4668-BE54-9A1E7A4F7556}") = "Reusable.Domain.Core", "Reusable.Domain.Core\Reusable.Domain.Core.csproj", "{DE3EE6B8-731F-47CB-862F-E3466F8953BE}"
EndProject
Project("{2150E333-8FDC-42A3-9474-1A3956D46DE8}") = "Application Core (Reusables)", "Application Core (Reusables)", "{5091485D-AF85-4C9B-8338-3E1D5B3D2A93}"
EndProject
Project("{2150E333-8FDC-42A3-9474-1A3956D46DE8}") = "Application Domain", "Application Domain", "{BC92F189-72DE-402A-9546-E4498D82CCF7}"
EndProject
Project("{2150E333-8FDC-42A3-9474-1A3956D46DE8}") = "Infrastructure", "Infrastructure", "{DFBDFE1B-6D6A-4EF8-8358-AC215FCB05BC}"
EndProject
Project("{2150E333-8FDC-42A3-9474-1A3956D46DE8}") = "Presentation", "Presentation", "{DFB9F8CE-89A8-4A7A-93D2-C76739CD694F}"
EndProject
Global
	GlobalSection(SolutionConfigurationPlatforms) = preSolution
		Debug|Any CPU = Debug|Any CPU
		Release|Any CPU = Release|Any CPU
	EndGlobalSection
	GlobalSection(ProjectConfigurationPlatforms) = postSolution
		{3EAEC6C6-EF51-4ED5-8DB4-94232849A8D4}.Debug|Any CPU.ActiveCfg = Debug|Any CPU
		{3EAEC6C6-EF51-4ED5-8DB4-94232849A8D4}.Debug|Any CPU.Build.0 = Debug|Any CPU
		{3EAEC6C6-EF51-4ED5-8DB4-94232849A8D4}.Release|Any CPU.ActiveCfg = Release|Any CPU
		{3EAEC6C6-EF51-4ED5-8DB4-94232849A8D4}.Release|Any CPU.Build.0 = Release|Any CPU
		{899FB6B5-BED1-4A27-86B6-9FD2A50424FF}.Debug|Any CPU.ActiveCfg = Debug|Any CPU
		{899FB6B5-BED1-4A27-86B6-9FD2A50424FF}.Debug|Any CPU.Build.0 = Debug|Any CPU
		{899FB6B5-BED1-4A27-86B6-9FD2A50424FF}.Release|Any CPU.ActiveCfg = Release|Any CPU
		{899FB6B5-BED1-4A27-86B6-9FD2A50424FF}.Release|Any CPU.Build.0 = Release|Any CPU
		{13C75546-3171-4593-B4FA-3771AC5902D5}.Debug|Any CPU.ActiveCfg = Debug|Any CPU
		{13C75546-3171-4593-B4FA-3771AC5902D5}.Debug|Any CPU.Build.0 = Debug|Any CPU
		{13C75546-3171-4593-B4FA-3771AC5902D5}.Release|Any CPU.ActiveCfg = Release|Any CPU
		{13C75546-3171-4593-B4FA-3771AC5902D5}.Release|Any CPU.Build.0 = Release|Any CPU
		{3AF6A811-4146-4120-AEE1-9C427B3CB44B}.Debug|Any CPU.ActiveCfg = Debug|Any CPU
		{3AF6A811-4146-4120-AEE1-9C427B3CB44B}.Debug|Any CPU.Build.0 = Debug|Any CPU
		{3AF6A811-4146-4120-AEE1-9C427B3CB44B}.Release|Any CPU.ActiveCfg = Release|Any CPU
		{3AF6A811-4146-4120-AEE1-9C427B3CB44B}.Release|Any CPU.Build.0 = Release|Any CPU
		{0180F89A-6224-44C8-8E1F-5BFEC3729F91}.Debug|Any CPU.ActiveCfg = Debug|Any CPU
		{0180F89A-6224-44C8-8E1F-5BFEC3729F91}.Debug|Any CPU.Build.0 = Debug|Any CPU
		{0180F89A-6224-44C8-8E1F-5BFEC3729F91}.Release|Any CPU.ActiveCfg = Release|Any CPU
		{0180F89A-6224-44C8-8E1F-5BFEC3729F91}.Release|Any CPU.Build.0 = Release|Any CPU
		{C5B61CCB-D29A-407B-87EF-8B2B2A89DF25}.Debug|Any CPU.ActiveCfg = Debug|Any CPU
		{C5B61CCB-D29A-407B-87EF-8B2B2A89DF25}.Debug|Any CPU.Build.0 = Debug|Any CPU
		{C5B61CCB-D29A-407B-87EF-8B2B2A89DF25}.Release|Any CPU.ActiveCfg = Release|Any CPU
		{C5B61CCB-D29A-407B-87EF-8B2B2A89DF25}.Release|Any CPU.Build.0 = Release|Any CPU
		{BF9EFACB-00F3-4943-993A-49C4EC61C8E4}.Debug|Any CPU.ActiveCfg = Debug|Any CPU
		{BF9EFACB-00F3-4943-993A-49C4EC61C8E4}.Debug|Any CPU.Build.0 = Debug|Any CPU
		{BF9EFACB-00F3-4943-993A-49C4EC61C8E4}.Release|Any CPU.ActiveCfg = Release|Any CPU
		{BF9EFACB-00F3-4943-993A-49C4EC61C8E4}.Release|Any CPU.Build.0 = Release|Any CPU
		{F9B35405-B315-43D9-BEE1-0A9997E83145}.Debug|Any CPU.ActiveCfg = Debug|Any CPU
		{F9B35405-B315-43D9-BEE1-0A9997E83145}.Debug|Any CPU.Build.0 = Debug|Any CPU
		{F9B35405-B315-43D9-BEE1-0A9997E83145}.Release|Any CPU.ActiveCfg = Release|Any CPU
		{F9B35405-B315-43D9-BEE1-0A9997E83145}.Release|Any CPU.Build.0 = Release|Any CPU
		{DE3EE6B8-731F-47CB-862F-E3466F8953BE}.Debug|Any CPU.ActiveCfg = Debug|Any CPU
		{DE3EE6B8-731F-47CB-862F-E3466F8953BE}.Debug|Any CPU.Build.0 = Debug|Any CPU
		{DE3EE6B8-731F-47CB-862F-E3466F8953BE}.Release|Any CPU.ActiveCfg = Release|Any CPU
		{DE3EE6B8-731F-47CB-862F-E3466F8953BE}.Release|Any CPU.Build.0 = Release|Any CPU
	EndGlobalSection
	GlobalSection(SolutionProperties) = preSolution
		HideSolutionNode = FALSE
	EndGlobalSection
	GlobalSection(NestedProjects) = preSolution
		{3EAEC6C6-EF51-4ED5-8DB4-94232849A8D4} = {BC92F189-72DE-402A-9546-E4498D82CCF7}
		{899FB6B5-BED1-4A27-86B6-9FD2A50424FF} = {DFBDFE1B-6D6A-4EF8-8358-AC215FCB05BC}
		{13C75546-3171-4593-B4FA-3771AC5902D5} = {BC92F189-72DE-402A-9546-E4498D82CCF7}
		{3AF6A811-4146-4120-AEE1-9C427B3CB44B} = {DFB9F8CE-89A8-4A7A-93D2-C76739CD694F}
		{0180F89A-6224-44C8-8E1F-5BFEC3729F91} = {DFB9F8CE-89A8-4A7A-93D2-C76739CD694F}
		{C5B61CCB-D29A-407B-87EF-8B2B2A89DF25} = {5091485D-AF85-4C9B-8338-3E1D5B3D2A93}
		{BF9EFACB-00F3-4943-993A-49C4EC61C8E4} = {5091485D-AF85-4C9B-8338-3E1D5B3D2A93}
		{F9B35405-B315-43D9-BEE1-0A9997E83145} = {5091485D-AF85-4C9B-8338-3E1D5B3D2A93}
		{DE3EE6B8-731F-47CB-862F-E3466F8953BE} = {5091485D-AF85-4C9B-8338-3E1D5B3D2A93}
	EndGlobalSection
	GlobalSection(ExtensibilityGlobals) = postSolution
		SolutionGuid = {6044D497-5824-4581-AB14-FC3CD7C7107C}
	EndGlobalSection
EndGlobal
