
Microsoft Visual Studio Solution File, Format Version 12.00
# Visual Studio Version 16
VisualStudioVersion = 16.0.30611.23
MinimumVisualStudioVersion = 10.0.40219.1
Project("{FAE04EC0-301F-11D3-BF4B-00C04F79EFBC}") = "CompanyName.AppName.Domain", "CompanyName.AppName.Domain\CompanyName.AppName.Domain.csproj", "{3EAEC6C6-EF51-4ED5-8DB4-94232849A8D4}"
EndProject
Project("{FAE04EC0-301F-11D3-BF4B-00C04F79EFBC}") = "CompanyName.AppName.Data", "CompanyName.AppName.Data\CompanyName.AppName.Data.csproj", "{899FB6B5-BED1-4A27-86B6-9FD2A50424FF}"
EndProject
Global
	GlobalSection(SolutionConfigurationPlatforms) = preSolution
		Debug|Any CPU = Debug|Any CPU
		Release|Any CPU = Release|Any CPU
	EndGlobalSection
	GlobalSection(ProjectConfigurationPlatforms) = postSolution
		{3EAEC6C6-EF51-4ED5-8DB4-94232849A8D4}.Debug|Any CPU.ActiveCfg = Debug|Any CPU
		{3EAEC6C6-EF51-4ED5-8DB4-94232849A8D4}.Debug|Any CPU.Build.0 = Debug|Any CPU
		{3EAEC6C6-EF51-4ED5-8DB4-94232849A8D4}.Release|Any CPU.ActiveCfg = Release|Any CPU
		{3EAEC6C6-EF51-4ED5-8DB4-94232849A8D4}.Release|Any CPU.Build.0 = Release|Any CPU
		{899FB6B5-BED1-4A27-86B6-9FD2A50424FF}.Debug|Any CPU.ActiveCfg = Debug|Any CPU
		{899FB6B5-BED1-4A27-86B6-9FD2A50424FF}.Debug|Any CPU.Build.0 = Debug|Any CPU
		{899FB6B5-BED1-4A27-86B6-9FD2A50424FF}.Release|Any CPU.ActiveCfg = Release|Any CPU
		{899FB6B5-BED1-4A27-86B6-9FD2A50424FF}.Release|Any CPU.Build.0 = Release|Any CPU
	EndGlobalSection
	GlobalSection(SolutionProperties) = preSolution
		HideSolutionNode = FALSE
	EndGlobalSection
	GlobalSection(ExtensibilityGlobals) = postSolution
		SolutionGuid = {6044D497-5824-4581-AB14-FC3CD7C7107C}
	EndGlobalSection
EndGlobal
